
Microsoft Visual Studio Solution File, Format Version 12.00
# Visual Studio Version 16
VisualStudioVersion = 16.0.30114.105
MinimumVisualStudioVersion = 10.0.40219.1
Project("{FAE04EC0-301F-11D3-BF4B-00C04F79EFBC}") = "API", "API\API.csproj", "{91DE1C9A-4414-4ABE-9741-0CF6ACEB0C8F}"
EndProject
Project("{FAE04EC0-301F-11D3-BF4B-00C04F79EFBC}") = "Application", "Application\Application.csproj", "{0C0BC802-BBE6-4F1D-BED3-A821930B878B}"
EndProject
Project("{FAE04EC0-301F-11D3-BF4B-00C04F79EFBC}") = "Persistence", "Persistence\Persistence.csproj", "{BB258ED7-1C7E-4357-8516-1254EC2933FC}"
EndProject
Project("{FAE04EC0-301F-11D3-BF4B-00C04F79EFBC}") = "Domain", "Domain\Domain.csproj", "{20D96DA4-6466-4AE1-AF89-300E1142C74E}"
EndProject
Project("{FAE04EC0-301F-11D3-BF4B-00C04F79EFBC}") = "Infrastructure", "Infrastructure\Infrastructure.csproj", "{2ADF1D94-7AD5-4353-826F-567F1433EFC3}"
EndProject
Global
	GlobalSection(SolutionConfigurationPlatforms) = preSolution
		Debug|Any CPU = Debug|Any CPU
		Debug|x64 = Debug|x64
		Debug|x86 = Debug|x86
		Release|Any CPU = Release|Any CPU
		Release|x64 = Release|x64
		Release|x86 = Release|x86
	EndGlobalSection
	GlobalSection(SolutionProperties) = preSolution
		HideSolutionNode = FALSE
	EndGlobalSection
	GlobalSection(ProjectConfigurationPlatforms) = postSolution
		{91DE1C9A-4414-4ABE-9741-0CF6ACEB0C8F}.Debug|Any CPU.ActiveCfg = Debug|Any CPU
		{91DE1C9A-4414-4ABE-9741-0CF6ACEB0C8F}.Debug|Any CPU.Build.0 = Debug|Any CPU
		{91DE1C9A-4414-4ABE-9741-0CF6ACEB0C8F}.Debug|x64.ActiveCfg = Debug|Any CPU
		{91DE1C9A-4414-4ABE-9741-0CF6ACEB0C8F}.Debug|x64.Build.0 = Debug|Any CPU
		{91DE1C9A-4414-4ABE-9741-0CF6ACEB0C8F}.Debug|x86.ActiveCfg = Debug|Any CPU
		{91DE1C9A-4414-4ABE-9741-0CF6ACEB0C8F}.Debug|x86.Build.0 = Debug|Any CPU
		{91DE1C9A-4414-4ABE-9741-0CF6ACEB0C8F}.Release|Any CPU.ActiveCfg = Release|Any CPU
		{91DE1C9A-4414-4ABE-9741-0CF6ACEB0C8F}.Release|Any CPU.Build.0 = Release|Any CPU
		{91DE1C9A-4414-4ABE-9741-0CF6ACEB0C8F}.Release|x64.ActiveCfg = Release|Any CPU
		{91DE1C9A-4414-4ABE-9741-0CF6ACEB0C8F}.Release|x64.Build.0 = Release|Any CPU
		{91DE1C9A-4414-4ABE-9741-0CF6ACEB0C8F}.Release|x86.ActiveCfg = Release|Any CPU
		{91DE1C9A-4414-4ABE-9741-0CF6ACEB0C8F}.Release|x86.Build.0 = Release|Any CPU
		{0C0BC802-BBE6-4F1D-BED3-A821930B878B}.Debug|Any CPU.ActiveCfg = Debug|Any CPU
		{0C0BC802-BBE6-4F1D-BED3-A821930B878B}.Debug|Any CPU.Build.0 = Debug|Any CPU
		{0C0BC802-BBE6-4F1D-BED3-A821930B878B}.Debug|x64.ActiveCfg = Debug|Any CPU
		{0C0BC802-BBE6-4F1D-BED3-A821930B878B}.Debug|x64.Build.0 = Debug|Any CPU
		{0C0BC802-BBE6-4F1D-BED3-A821930B878B}.Debug|x86.ActiveCfg = Debug|Any CPU
		{0C0BC802-BBE6-4F1D-BED3-A821930B878B}.Debug|x86.Build.0 = Debug|Any CPU
		{0C0BC802-BBE6-4F1D-BED3-A821930B878B}.Release|Any CPU.ActiveCfg = Release|Any CPU
		{0C0BC802-BBE6-4F1D-BED3-A821930B878B}.Release|Any CPU.Build.0 = Release|Any CPU
		{0C0BC802-BBE6-4F1D-BED3-A821930B878B}.Release|x64.ActiveCfg = Release|Any CPU
		{0C0BC802-BBE6-4F1D-BED3-A821930B878B}.Release|x64.Build.0 = Release|Any CPU
		{0C0BC802-BBE6-4F1D-BED3-A821930B878B}.Release|x86.ActiveCfg = Release|Any CPU
		{0C0BC802-BBE6-4F1D-BED3-A821930B878B}.Release|x86.Build.0 = Release|Any CPU
		{BB258ED7-1C7E-4357-8516-1254EC2933FC}.Debug|Any CPU.ActiveCfg = Debug|Any CPU
		{BB258ED7-1C7E-4357-8516-1254EC2933FC}.Debug|Any CPU.Build.0 = Debug|Any CPU
		{BB258ED7-1C7E-4357-8516-1254EC2933FC}.Debug|x64.ActiveCfg = Debug|Any CPU
		{BB258ED7-1C7E-4357-8516-1254EC2933FC}.Debug|x64.Build.0 = Debug|Any CPU
		{BB258ED7-1C7E-4357-8516-1254EC2933FC}.Debug|x86.ActiveCfg = Debug|Any CPU
		{BB258ED7-1C7E-4357-8516-1254EC2933FC}.Debug|x86.Build.0 = Debug|Any CPU
		{BB258ED7-1C7E-4357-8516-1254EC2933FC}.Release|Any CPU.ActiveCfg = Release|Any CPU
		{BB258ED7-1C7E-4357-8516-1254EC2933FC}.Release|Any CPU.Build.0 = Release|Any CPU
		{BB258ED7-1C7E-4357-8516-1254EC2933FC}.Release|x64.ActiveCfg = Release|Any CPU
		{BB258ED7-1C7E-4357-8516-1254EC2933FC}.Release|x64.Build.0 = Release|Any CPU
		{BB258ED7-1C7E-4357-8516-1254EC2933FC}.Release|x86.ActiveCfg = Release|Any CPU
		{BB258ED7-1C7E-4357-8516-1254EC2933FC}.Release|x86.Build.0 = Release|Any CPU
		{20D96DA4-6466-4AE1-AF89-300E1142C74E}.Debug|Any CPU.ActiveCfg = Debug|Any CPU
		{20D96DA4-6466-4AE1-AF89-300E1142C74E}.Debug|Any CPU.Build.0 = Debug|Any CPU
		{20D96DA4-6466-4AE1-AF89-300E1142C74E}.Debug|x64.ActiveCfg = Debug|Any CPU
		{20D96DA4-6466-4AE1-AF89-300E1142C74E}.Debug|x64.Build.0 = Debug|Any CPU
		{20D96DA4-6466-4AE1-AF89-300E1142C74E}.Debug|x86.ActiveCfg = Debug|Any CPU
		{20D96DA4-6466-4AE1-AF89-300E1142C74E}.Debug|x86.Build.0 = Debug|Any CPU
		{20D96DA4-6466-4AE1-AF89-300E1142C74E}.Release|Any CPU.ActiveCfg = Release|Any CPU
		{20D96DA4-6466-4AE1-AF89-300E1142C74E}.Release|Any CPU.Build.0 = Release|Any CPU
		{20D96DA4-6466-4AE1-AF89-300E1142C74E}.Release|x64.ActiveCfg = Release|Any CPU
		{20D96DA4-6466-4AE1-AF89-300E1142C74E}.Release|x64.Build.0 = Release|Any CPU
		{20D96DA4-6466-4AE1-AF89-300E1142C74E}.Release|x86.ActiveCfg = Release|Any CPU
		{20D96DA4-6466-4AE1-AF89-300E1142C74E}.Release|x86.Build.0 = Release|Any CPU
		{2ADF1D94-7AD5-4353-826F-567F1433EFC3}.Debug|Any CPU.ActiveCfg = Debug|Any CPU
		{2ADF1D94-7AD5-4353-826F-567F1433EFC3}.Debug|Any CPU.Build.0 = Debug|Any CPU
		{2ADF1D94-7AD5-4353-826F-567F1433EFC3}.Debug|x64.ActiveCfg = Debug|Any CPU
		{2ADF1D94-7AD5-4353-826F-567F1433EFC3}.Debug|x64.Build.0 = Debug|Any CPU
		{2ADF1D94-7AD5-4353-826F-567F1433EFC3}.Debug|x86.ActiveCfg = Debug|Any CPU
		{2ADF1D94-7AD5-4353-826F-567F1433EFC3}.Debug|x86.Build.0 = Debug|Any CPU
		{2ADF1D94-7AD5-4353-826F-567F1433EFC3}.Release|Any CPU.ActiveCfg = Release|Any CPU
		{2ADF1D94-7AD5-4353-826F-567F1433EFC3}.Release|Any CPU.Build.0 = Release|Any CPU
		{2ADF1D94-7AD5-4353-826F-567F1433EFC3}.Release|x64.ActiveCfg = Release|Any CPU
		{2ADF1D94-7AD5-4353-826F-567F1433EFC3}.Release|x64.Build.0 = Release|Any CPU
		{2ADF1D94-7AD5-4353-826F-567F1433EFC3}.Release|x86.ActiveCfg = Release|Any CPU
		{2ADF1D94-7AD5-4353-826F-567F1433EFC3}.Release|x86.Build.0 = Release|Any CPU
	EndGlobalSection
EndGlobal
